# This file was autogenerated by Stack.
# You should not edit this file by hand.
# For more information, please see the documentation at:
#   https://docs.haskellstack.org/en/stable/lock_files

packages:
- completed:
    hackage: either-unwrap-1.1@sha256:bd9a8cc3ce127b0f922db4da0b3eb25036034406dd40c954d3f8aa6fe5aab313,605
    pantry-tree:
      size: 219
      sha256: eb3a3ac2c3190da776e9481e8e763ada0a4c9067d08f36d61cd0333172c90f20
  original:
    hackage: either-unwrap-1.1@sha256:bd9a8cc3ce127b0f922db4da0b3eb25036034406dd40c954d3f8aa6fe5aab313,605
snapshots:
- completed:
    size: 523878
    url: https://raw.githubusercontent.com/commercialhaskell/stackage-snapshots/master/lts/14/3.yaml
    sha256: 470c46c27746a48c7c50f829efc0cf00112787a7804ee4ac7a27754658f6d92c
  original: lts-14.3
